
Microsoft Visual Studio Solution File, Format Version 12.00
# Visual Studio Version 16
VisualStudioVersion = 16.0.29509.3
MinimumVisualStudioVersion = 10.0.40219.1
Project("{FAE04EC0-301F-11D3-BF4B-00C04F79EFBC}") = "CharacterTracker", "CharacterTracker\CharacterTracker.csproj", "{A4C39403-FA36-4E3D-BA66-308F0C6FCE54}"
EndProject
Global
	GlobalSection(SolutionConfigurationPlatforms) = preSolution
		Debug|Any CPU = Debug|Any CPU
		Release|Any CPU = Release|Any CPU
	EndGlobalSection
	GlobalSection(ProjectConfigurationPlatforms) = postSolution
		{A4C39403-FA36-4E3D-BA66-308F0C6FCE54}.Debug|Any CPU.ActiveCfg = Debug|Any CPU
		{A4C39403-FA36-4E3D-BA66-308F0C6FCE54}.Debug|Any CPU.Build.0 = Debug|Any CPU
		{A4C39403-FA36-4E3D-BA66-308F0C6FCE54}.Release|Any CPU.ActiveCfg = Release|Any CPU
		{A4C39403-FA36-4E3D-BA66-308F0C6FCE54}.Release|Any CPU.Build.0 = Release|Any CPU
	EndGlobalSection
	GlobalSection(SolutionProperties) = preSolution
		HideSolutionNode = FALSE
	EndGlobalSection
	GlobalSection(ExtensibilityGlobals) = postSolution
		SolutionGuid = {1783D913-27EC-459E-A119-CE18A9A4282D}
	EndGlobalSection
EndGlobal
