
Microsoft Visual Studio Solution File, Format Version 12.00
# Visual Studio Version 16
VisualStudioVersion = 16.0.29306.81
MinimumVisualStudioVersion = 10.0.40219.1
Project("{FAE04EC0-301F-11D3-BF4B-00C04F79EFBC}") = "DnDCharacterTracker", "DnDCharacterTracker\DnDCharacterTracker.csproj", "{7E05B5A8-F965-4A08-ADB2-97D7EC595CB2}"
EndProject
Global
	GlobalSection(SolutionConfigurationPlatforms) = preSolution
		Debug|Any CPU = Debug|Any CPU
		Release|Any CPU = Release|Any CPU
	EndGlobalSection
	GlobalSection(ProjectConfigurationPlatforms) = postSolution
		{7E05B5A8-F965-4A08-ADB2-97D7EC595CB2}.Debug|Any CPU.ActiveCfg = Debug|Any CPU
		{7E05B5A8-F965-4A08-ADB2-97D7EC595CB2}.Debug|Any CPU.Build.0 = Debug|Any CPU
		{7E05B5A8-F965-4A08-ADB2-97D7EC595CB2}.Release|Any CPU.ActiveCfg = Release|Any CPU
		{7E05B5A8-F965-4A08-ADB2-97D7EC595CB2}.Release|Any CPU.Build.0 = Release|Any CPU
	EndGlobalSection
	GlobalSection(SolutionProperties) = preSolution
		HideSolutionNode = FALSE
	EndGlobalSection
	GlobalSection(ExtensibilityGlobals) = postSolution
		SolutionGuid = {EC8AD441-166B-489D-B019-12C96ECCE5E0}
	EndGlobalSection
EndGlobal
